
Microsoft Visual Studio Solution File, Format Version 12.00
# Visual Studio Version 16
VisualStudioVersion = 16.0.31112.23
MinimumVisualStudioVersion = 10.0.40219.1
Project("{9A19103F-16F7-4668-BE54-9A1E7A4F7556}") = "AspTraining1", "AspTraining1\AspTraining1.csproj", "{6409B16D-1F09-4D1A-A897-5A0768A3E097}"
EndProject
Project("{9A19103F-16F7-4668-BE54-9A1E7A4F7556}") = "AspTraining1.Entities", "AspTraining1.Entities\AspTraining1.Entities.csproj", "{9D5352A6-F09A-4F7B-9988-AF73A88AD7AA}"
EndProject
Global
	GlobalSection(SolutionConfigurationPlatforms) = preSolution
		Debug|Any CPU = Debug|Any CPU
		Release|Any CPU = Release|Any CPU
	EndGlobalSection
	GlobalSection(ProjectConfigurationPlatforms) = postSolution
		{6409B16D-1F09-4D1A-A897-5A0768A3E097}.Debug|Any CPU.ActiveCfg = Debug|Any CPU
		{6409B16D-1F09-4D1A-A897-5A0768A3E097}.Debug|Any CPU.Build.0 = Debug|Any CPU
		{6409B16D-1F09-4D1A-A897-5A0768A3E097}.Release|Any CPU.ActiveCfg = Release|Any CPU
		{6409B16D-1F09-4D1A-A897-5A0768A3E097}.Release|Any CPU.Build.0 = Release|Any CPU
		{9D5352A6-F09A-4F7B-9988-AF73A88AD7AA}.Debug|Any CPU.ActiveCfg = Debug|Any CPU
		{9D5352A6-F09A-4F7B-9988-AF73A88AD7AA}.Debug|Any CPU.Build.0 = Debug|Any CPU
		{9D5352A6-F09A-4F7B-9988-AF73A88AD7AA}.Release|Any CPU.ActiveCfg = Release|Any CPU
		{9D5352A6-F09A-4F7B-9988-AF73A88AD7AA}.Release|Any CPU.Build.0 = Release|Any CPU
	EndGlobalSection
	GlobalSection(SolutionProperties) = preSolution
		HideSolutionNode = FALSE
	EndGlobalSection
	GlobalSection(ExtensibilityGlobals) = postSolution
		SolutionGuid = {8CFC4BB2-6E6F-425E-ACE0-98A80054338A}
	EndGlobalSection
EndGlobal
